Microsoft Visual Studio Solution File, Format Version 11.00
# Visual Studio 2008

Project("{EC544F7C-DBF3-D682-1740-C5FA2BCC3E6C}") = "Broadcast_idea1", "Assembly-CSharp.csproj", "{F4995DFA-571F-59ED-9911-4AF3F41CBFBE}"
EndProject
Project("{EC544F7C-DBF3-D682-1740-C5FA2BCC3E6C}") = "Broadcast_idea1", "Assembly-CSharp-Editor.csproj", "{BD57FE87-DC5E-19F0-E8D8-D9CEC23A9421}"
EndProject
Global
	GlobalSection(SolutionConfigurationPlatforms) = preSolution
		Debug|Any CPU = Debug|Any CPU
		Release|Any CPU = Release|Any CPU
	EndGlobalSection
	GlobalSection(ProjectConfigurationPlatforms) = postSolution
		{F4995DFA-571F-59ED-9911-4AF3F41CBFBE}.Debug|Any CPU.ActiveCfg = Debug|Any CPU
		{F4995DFA-571F-59ED-9911-4AF3F41CBFBE}.Debug|Any CPU.Build.0 = Debug|Any CPU
		{F4995DFA-571F-59ED-9911-4AF3F41CBFBE}.Release|Any CPU.ActiveCfg = Release|Any CPU
		{F4995DFA-571F-59ED-9911-4AF3F41CBFBE}.Release|Any CPU.Build.0 = Release|Any CPU
		{BD57FE87-DC5E-19F0-E8D8-D9CEC23A9421}.Debug|Any CPU.ActiveCfg = Debug|Any CPU
		{BD57FE87-DC5E-19F0-E8D8-D9CEC23A9421}.Debug|Any CPU.Build.0 = Debug|Any CPU
		{BD57FE87-DC5E-19F0-E8D8-D9CEC23A9421}.Release|Any CPU.ActiveCfg = Release|Any CPU
		{BD57FE87-DC5E-19F0-E8D8-D9CEC23A9421}.Release|Any CPU.Build.0 = Release|Any CPU
	EndGlobalSection
	GlobalSection(SolutionProperties) = preSolution
		HideSolutionNode = FALSE
	EndGlobalSection
	GlobalSection(MonoDevelopProperties) = preSolution
		StartupItem = Assembly-CSharp.csproj
	EndGlobalSection
EndGlobal
